<Solution>
  <Folder Name="/src/">
    <Project Path="src/LMS.AppHost/LMS.AppHost.csproj" />
    <Project Path="src/LMS.Contracts/LMS.Contracts.csproj" />
    <Project Path="src/LMS.ServiceDefaults/LMS.ServiceDefaults.csproj" />
    <Project Path="src/LMS.SharedKernel/LMS.SharedKernel.csproj" />
  </Folder>
  <Folder Name="/src/gateway/">
    <Project Path="src/gateway/LMS.Gateway/LMS.Gateway.csproj" />
  </Folder>
  <Folder Name="/src/services/" />
  <Folder Name="/src/services/LMS.ContentService/">
    <Project Path="src/services/LMS.ContentService/LMS.ContentService.Api/LMS.ContentService.Api.csproj" />
    <Project Path="src/services/LMS.ContentService/LMS.ContentService.Domain/LMS.ContentService.Domain.csproj" />
    <Project Path="src/services/LMS.ContentService/LMS.ContentService.Infrastructure/LMS.ContentService.Infrastructure.csproj" />
    <Project Path="src/services/LMS.ContentService/LMS.ContentService.Worker/LMS.ContentService.Worker.csproj" />
  </Folder>
  <Folder Name="/src/services/LMS.CourseService/">
    <Project Path="src/services/LMS.CourseService/LMS.CourseService.Api/LMS.CourseService.Api.csproj" />
    <Project Path="src/services/LMS.CourseService/LMS.CourseService.Domain/LMS.CourseService.Domain.csproj" />
    <Project Path="src/services/LMS.CourseService/LMS.CourseService.Infrastructure/LMS.CourseService.Infrastructure.csproj" />
    <Project Path="src/services/LMS.CourseService/LMS.CourseService.Migrator/LMS.CourseService.Migrator.csproj" />
  </Folder>
  <Folder Name="/src/services/LMS.EnrollmentService/">
    <Project Path="src/services/LMS.EnrollmentService/LMS.EnrollmentService.Api/LMS.EnrollmentService.Api.csproj" />
    <Project Path="src/services/LMS.EnrollmentService/LMS.EnrollmentService.Domain/LMS.EnrollmentService.Domain.csproj" />
    <Project Path="src/services/LMS.EnrollmentService/LMS.EnrollmentService.Infrastructure/LMS.EnrollmentService.Infrastructure.csproj" />
    <Project Path="src/services/LMS.EnrollmentService/LMS.EnrollmentService.Migrator/LMS.EnrollmentService.Migrator.csproj" />
  </Folder>
  <Folder Name="/src/services/LMS.ProgressService/">
    <Project Path="src/services/LMS.ProgressService/LMS.ProgressService.Api/LMS.ProgressService.Api.csproj" />
    <Project Path="src/services/LMS.ProgressService/LMS.ProgressService.Domain/LMS.ProgressService.Domain.csproj" />
    <Project Path="src/services/LMS.ProgressService/LMS.ProgressService.Infrastructure/LMS.ProgressService.Infrastructure.csproj" />
    <Project Path="src/services/LMS.ProgressService/LMS.ProgressService.Migrator/LMS.ProgressService.Migrator.csproj" />
  </Folder>
  <Folder Name="/src/services/LMS.AssessmentService/">
    <Project Path="src/services/LMS.AssessmentService/LMS.AssessmentService.Api/LMS.AssessmentService.Api.csproj" />
    <Project Path="src/services/LMS.AssessmentService/LMS.AssessmentService.Domain/LMS.AssessmentService.Domain.csproj" />
    <Project Path="src/services/LMS.AssessmentService/LMS.AssessmentService.Infrastructure/LMS.AssessmentService.Infrastructure.csproj" />
    <Project Path="src/services/LMS.AssessmentService/LMS.AssessmentService.Migrator/LMS.AssessmentService.Migrator.csproj" />
  </Folder>
  <Folder Name="/src/services/LMS.IdentityService/">
    <Project Path="src/services/LMS.IdentityService/LMS.IdentityService.Api/LMS.IdentityService.Api.csproj" />
    <Project Path="src/services/LMS.IdentityService/LMS.IdentityService.Domain/LMS.IdentityService.Domain.csproj" />
    <Project Path="src/services/LMS.IdentityService/LMS.IdentityService.Infrastructure/LMS.IdentityService.Infrastructure.csproj" />
    <Project Path="src/services/LMS.IdentityService/LMS.IdentityService.Migrator/LMS.IdentityService.Migrator.csproj" />
  </Folder>
  <Folder Name="/tests/">
    <Project Path="tests/LMS.IntegrationTests/LMS.IntegrationTests.csproj" />
  </Folder>
</Solution>
